{
  "name": "aws-essentials",
  "version": "0.6.1",
  "lockfileVersion": 1,
  "requires": true,
  "dependencies": {
    "flow-bin": {
      "version": "0.65.0",
      "resolved": "https://registry.npmjs.org/flow-bin/-/flow-bin-0.65.0.tgz",
      "integrity": "sha512-/Ny7pElDdmwgxq8ALf87/MylzXWAh2Kny1kxGUOG1TxwGEQMctgENtLpuwx8fwvlIUebgJWF8ylhWOcmiNKDpA==",
      "dev": true
    }
  }
}
