{
  "name": "aws-essentials",
  "version": "0.6.10",
  "lockfileVersion": 2,
  "requires": true,
  "packages": {
    "": {
      "version": "0.6.10",
      "license": "MIT",
      "devDependencies": {
        "flow-bin": "^0.107.0"
      }
    },
    "node_modules/flow-bin": {
      "version": "0.107.0",
      "resolved": "https://registry.npmjs.org/flow-bin/-/flow-bin-0.107.0.tgz",
      "integrity": "sha512-hsmwO5Q0+XUXaO2kIKLpleUNNBSFcsGEQGBOTEC/KR/4Ez695I1fweX/ioSjbU4RWhPZhkIqnpbF9opVAauCHg==",
      "dev": true,
      "bin": {
        "flow": "cli.js"
      },
      "engines": {
        "node": ">=0.10.0"
      }
    }
  },
  "dependencies": {
    "flow-bin": {
      "version": "0.107.0",
      "resolved": "https://registry.npmjs.org/flow-bin/-/flow-bin-0.107.0.tgz",
      "integrity": "sha512-hsmwO5Q0+XUXaO2kIKLpleUNNBSFcsGEQGBOTEC/KR/4Ez695I1fweX/ioSjbU4RWhPZhkIqnpbF9opVAauCHg==",
      "dev": true
    }
  }
}
